// !$*UTF8*$!
{
	archiveVersion = 1;
	classes = {
	};
	objectVersion = 46;
	objects = {

/* Begin PBXBuildFile section */
		768852CA1DBB787F0080C01C /* main.cpp in Sources */ = {isa = PBXBuildFile; fileRef = 768852C91DBB787F0080C01C /* main.cpp */; };
		768852E71DBB79330080C01C /* SparseMatrix.cpp in Sources */ = {isa = PBXBuildFile; fileRef = 768852E51DBB79330080C01C /* SparseMatrix.cpp */; };
/* End PBXBuildFile section */

/* Begin PBXCopyFilesBuildPhase section */
		768852C41DBB787F0080C01C /* CopyFiles */ = {
			isa = PBXCopyFilesBuildPhase;
			buildActionMask = 2147483647;
			dstPath = /usr/share/man/man1/;
			dstSubfolderSpec = 0;
			files = (
			);
			runOnlyForDeploymentPostprocessing = 1;
		};
/* End PBXCopyFilesBuildPhase section */

/* Begin PBXFileReference section */
		7663DDD01DBBB975005D228C /* DevideTriangle.h */ = {isa = PBXFileReference; fileEncoding = 4; lastKnownFileType = sourcecode.c.h; path = DevideTriangle.h; sourceTree = "<group>"; };
		768852C61DBB787F0080C01C /* PTHH */ = {isa = PBXFileReference; explicitFileType = "compiled.mach-o.executable"; includeInIndex = 0; path = PTHH; sourceTree = BUILT_PRODUCTS_DIR; };
		768852C91DBB787F0080C01C /* main.cpp */ = {isa = PBXFileReference; lastKnownFileType = sourcecode.cpp.cpp; path = main.cpp; sourceTree = "<group>"; };
		768852E51DBB79330080C01C /* SparseMatrix.cpp */ = {isa = PBXFileReference; fileEncoding = 4; lastKnownFileType = sourcecode.cpp.cpp; path = SparseMatrix.cpp; sourceTree = "<group>"; };
		768852E61DBB79330080C01C /* SparseMatrix.h */ = {isa = PBXFileReference; fileEncoding = 4; lastKnownFileType = sourcecode.c.h; path = SparseMatrix.h; sourceTree = "<group>"; };
		768852E81DBB84020080C01C /* CGM.h */ = {isa = PBXFileReference; fileEncoding = 4; lastKnownFileType = sourcecode.c.h; path = CGM.h; sourceTree = "<group>"; };
		768852E91DBB85A90080C01C /* Constants.h */ = {isa = PBXFileReference; fileEncoding = 4; lastKnownFileType = sourcecode.c.h; path = Constants.h; sourceTree = "<group>"; };
		768852EB1DBBA9820080C01C /* FEMTwoDimens.h */ = {isa = PBXFileReference; explicitFileType = sourcecode.cpp.h; fileEncoding = 4; path = FEMTwoDimens.h; sourceTree = "<group>"; };
/* End PBXFileReference section */

/* Begin PBXFrameworksBuildPhase section */
		768852C31DBB787F0080C01C /* Frameworks */ = {
			isa = PBXFrameworksBuildPhase;
			buildActionMask = 2147483647;
			files = (
			);
			runOnlyForDeploymentPostprocessing = 0;
		};
/* End PBXFrameworksBuildPhase section */

/* Begin PBXGroup section */
		768852BD1DBB787F0080C01C = {
			isa = PBXGroup;
			children = (
				768852C81DBB787F0080C01C /* PTHH */,
				768852C71DBB787F0080C01C /* Products */,
			);
			sourceTree = "<group>";
		};
		768852C71DBB787F0080C01C /* Products */ = {
			isa = PBXGroup;
			children = (
				768852C61DBB787F0080C01C /* PTHH */,
			);
			name = Products;
			sourceTree = "<group>";
		};
		768852C81DBB787F0080C01C /* PTHH */ = {
			isa = PBXGroup;
			children = (
				768852E41DBB79330080C01C /* SparseMatrix */,
				768852C91DBB787F0080C01C /* main.cpp */,
				768852E81DBB84020080C01C /* CGM.h */,
				768852E91DBB85A90080C01C /* Constants.h */,
				768852EB1DBBA9820080C01C /* FEMTwoDimens.h */,
				7663DDD01DBBB975005D228C /* DevideTriangle.h */,
			);
			path = PTHH;
			sourceTree = "<group>";
		};
		768852E41DBB79330080C01C /* SparseMatrix */ = {
			isa = PBXGroup;
			children = (
				768852E51DBB79330080C01C /* SparseMatrix.cpp */,
				768852E61DBB79330080C01C /* SparseMatrix.h */,
			);
			path = SparseMatrix;
			sourceTree = "<group>";
		};
/* End PBXGroup section */

/* Begin PBXNativeTarget section */
		768852C51DBB787F0080C01C /* PTHH */ = {
			isa = PBXNativeTarget;
			buildConfigurationList = 768852CD1DBB787F0080C01C /* Build configuration list for PBXNativeTarget "PTHH" */;
			buildPhases = (
				768852C21DBB787F0080C01C /* Sources */,
				768852C31DBB787F0080C01C /* Frameworks */,
				768852C41DBB787F0080C01C /* CopyFiles */,
			);
			buildRules = (
			);
			dependencies = (
			);
			name = PTHH;
			productName = PTHH;
			productReference = 768852C61DBB787F0080C01C /* PTHH */;
			productType = "com.apple.product-type.tool";
		};
/* End PBXNativeTarget section */

/* Begin PBXProject section */
		768852BE1DBB787F0080C01C /* Project object */ = {
			isa = PBXProject;
			attributes = {
				LastUpgradeCheck = 0730;
				ORGANIZATIONNAME = "luong anh vu";
				TargetAttributes = {
					768852C51DBB787F0080C01C = {
						CreatedOnToolsVersion = 7.3;
					};
				};
			};
			buildConfigurationList = 768852C11DBB787F0080C01C /* Build configuration list for PBXProject "PTHH" */;
			compatibilityVersion = "Xcode 3.2";
			developmentRegion = English;
			hasScannedForEncodings = 0;
			knownRegions = (
				en,
			);
			mainGroup = 768852BD1DBB787F0080C01C;
			productRefGroup = 768852C71DBB787F0080C01C /* Products */;
			projectDirPath = "";
			projectRoot = "";
			targets = (
				768852C51DBB787F0080C01C /* PTHH */,
			);
		};
/* End PBXProject section */

/* Begin PBXSourcesBuildPhase section */
		768852C21DBB787F0080C01C /* Sources */ = {
			isa = PBXSourcesBuildPhase;
			buildActionMask = 2147483647;
			files = (
				768852E71DBB79330080C01C /* SparseMatrix.cpp in Sources */,
				768852CA1DBB787F0080C01C /* main.cpp in Sources */,
			);
			runOnlyForDeploymentPostprocessing = 0;
		};
/* End PBXSourcesBuildPhase section */

/* Begin XCBuildConfiguration section */
		768852CB1DBB787F0080C01C /* Debug */ = {
			isa = XCBuildConfiguration;
			buildSettings = {
				ALWAYS_SEARCH_USER_PATHS = NO;
				CLANG_ANALYZER_NONNULL = YES;
				CLANG_CXX_LANGUAGE_STANDARD = "gnu++0x";
				CLANG_CXX_LIBRARY = "libc++";
				CLANG_ENABLE_MODULES = YES;
				CLANG_ENABLE_OBJC_ARC = YES;
				CLANG_WARN_BOOL_CONVERSION = YES;
				CLANG_WARN_CONSTANT_CONVERSION = YES;
				CLANG_WARN_DIRECT_OBJC_ISA_USAGE = YES_ERROR;
				CLANG_WARN_EMPTY_BODY = YES;
				CLANG_WARN_ENUM_CONVERSION = YES;
				CLANG_WARN_INT_CONVERSION = YES;
				CLANG_WARN_OBJC_ROOT_CLASS = YES_ERROR;
				CLANG_WARN_UNREACHABLE_CODE = YES;
				CLANG_WARN__DUPLICATE_METHOD_MATCH = YES;
				CODE_SIGN_IDENTITY = "-";
				COPY_PHASE_STRIP = NO;
				DEBUG_INFORMATION_FORMAT = dwarf;
				ENABLE_STRICT_OBJC_MSGSEND = YES;
				ENABLE_TESTABILITY = YES;
				GCC_C_LANGUAGE_STANDARD = gnu99;
				GCC_DYNAMIC_NO_PIC = NO;
				GCC_NO_COMMON_BLOCKS = YES;
				GCC_OPTIMIZATION_LEVEL = 0;
				GCC_PREPROCESSOR_DEFINITIONS = (
					"DEBUG=1",
					"$(inherited)",
				);
				GCC_WARN_64_TO_32_BIT_CONVERSION = YES;
				GCC_WARN_ABOUT_RETURN_TYPE = YES_ERROR;
				GCC_WARN_UNDECLARED_SELECTOR = YES;
				GCC_WARN_UNINITIALIZED_AUTOS = YES_AGGRESSIVE;
				GCC_WARN_UNUSED_FUNCTION = YES;
				GCC_WARN_UNUSED_VARIABLE = YES;
				MACOSX_DEPLOYMENT_TARGET = 10.12;
				MTL_ENABLE_DEBUG_INFO = YES;
				ONLY_ACTIVE_ARCH = YES;
				SDKROOT = macosx;
			};
			name = Debug;
		};
		768852CC1DBB787F0080C01C /* Release */ = {
			isa = XCBuildConfiguration;
			buildSettings = {
				ALWAYS_SEARCH_USER_PATHS = NO;
				CLANG_ANALYZER_NONNULL = YES;
				CLANG_CXX_LANGUAGE_STANDARD = "gnu++0x";
				CLANG_CXX_LIBRARY = "libc++";
				CLANG_ENABLE_MODULES = YES;
				CLANG_ENABLE_OBJC_ARC = YES;
				CLANG_WARN_BOOL_CONVERSION = YES;
				CLANG_WARN_CONSTANT_CONVERSION = YES;
				CLANG_WARN_DIRECT_OBJC_ISA_USAGE = YES_ERROR;
				CLANG_WARN_EMPTY_BODY = YES;
				CLANG_WARN_ENUM_CONVERSION = YES;
				CLANG_WARN_INT_CONVERSION = YES;
				CLANG_WARN_OBJC_ROOT_CLASS = YES_ERROR;
				CLANG_WARN_UNREACHABLE_CODE = YES;
				CLANG_WARN__DUPLICATE_METHOD_MATCH = YES;
				CODE_SIGN_IDENTITY = "-";
				COPY_PHASE_STRIP = NO;
				DEBUG_INFORMATION_FORMAT = "dwarf-with-dsym";
				ENABLE_NS_ASSERTIONS = NO;
				ENABLE_STRICT_OBJC_MSGSEND = YES;
				GCC_C_LANGUAGE_STANDARD = gnu99;
				GCC_NO_COMMON_BLOCKS = YES;
				GCC_WARN_64_TO_32_BIT_CONVERSION = YES;
				GCC_WARN_ABOUT_RETURN_TYPE = YES_ERROR;
				GCC_WARN_UNDECLARED_SELECTOR = YES;
				GCC_WARN_UNINITIALIZED_AUTOS = YES_AGGRESSIVE;
				GCC_WARN_UNUSED_FUNCTION = YES;
				GCC_WARN_UNUSED_VARIABLE = YES;
				MACOSX_DEPLOYMENT_TARGET = 10.12;
				MTL_ENABLE_DEBUG_INFO = NO;
				SDKROOT = macosx;
			};
			name = Release;
		};
		768852CE1DBB787F0080C01C /* Debug */ = {
			isa = XCBuildConfiguration;
			buildSettings = {
				PRODUCT_NAME = "$(TARGET_NAME)";
			};
			name = Debug;
		};
		768852CF1DBB787F0080C01C /* Release */ = {
			isa = XCBuildConfiguration;
			buildSettings = {
				PRODUCT_NAME = "$(TARGET_NAME)";
			};
			name = Release;
		};
/* End XCBuildConfiguration section */

/* Begin XCConfigurationList section */
		768852C11DBB787F0080C01C /* Build configuration list for PBXProject "PTHH" */ = {
			isa = XCConfigurationList;
			buildConfigurations = (
				768852CB1DBB787F0080C01C /* Debug */,
				768852CC1DBB787F0080C01C /* Release */,
			);
			defaultConfigurationIsVisible = 0;
			defaultConfigurationName = Release;
		};
		768852CD1DBB787F0080C01C /* Build configuration list for PBXNativeTarget "PTHH" */ = {
			isa = XCConfigurationList;
			buildConfigurations = (
				768852CE1DBB787F0080C01C /* Debug */,
				768852CF1DBB787F0080C01C /* Release */,
			);
			defaultConfigurationIsVisible = 0;
			defaultConfigurationName = Release;
		};
/* End XCConfigurationList section */
	};
	rootObject = 768852BE1DBB787F0080C01C /* Project object */;
}
