// !$*UTF8*$!
{
	archiveVersion = 1;
	classes = {
	};
	objectVersion = 46;
	objects = {

/* Begin PBXBuildFile section */
		76A183BB1D3C8E3200EC96A9 /* main.cpp in Sources */ = {isa = PBXBuildFile; fileRef = 76A183BA1D3C8E3200EC96A9 /* main.cpp */; };
/* End PBXBuildFile section */

/* Begin PBXCopyFilesBuildPhase section */
		76A183B51D3C8E3200EC96A9 /* CopyFiles */ = {
			isa = PBXCopyFilesBuildPhase;
			buildActionMask = 2147483647;
			dstPath = /usr/share/man/man1/;
			dstSubfolderSpec = 0;
			files = (
			);
			runOnlyForDeploymentPostprocessing = 1;
		};
/* End PBXCopyFilesBuildPhase section */

/* Begin PBXFileReference section */
		76A183B71D3C8E3200EC96A9 /* D3 */ = {isa = PBXFileReference; explicitFileType = "compiled.mach-o.executable"; includeInIndex = 0; path = D3; sourceTree = BUILT_PRODUCTS_DIR; };
		76A183BA1D3C8E3200EC96A9 /* main.cpp */ = {isa = PBXFileReference; lastKnownFileType = sourcecode.cpp.cpp; path = main.cpp; sourceTree = "<group>"; };
/* End PBXFileReference section */

/* Begin PBXFrameworksBuildPhase section */
		76A183B41D3C8E3200EC96A9 /* Frameworks */ = {
			isa = PBXFrameworksBuildPhase;
			buildActionMask = 2147483647;
			files = (
			);
			runOnlyForDeploymentPostprocessing = 0;
		};
/* End PBXFrameworksBuildPhase section */

/* Begin PBXGroup section */
		76A183AE1D3C8E3200EC96A9 = {
			isa = PBXGroup;
			children = (
				76A183B91D3C8E3200EC96A9 /* D3 */,
				76A183B81D3C8E3200EC96A9 /* Products */,
			);
			sourceTree = "<group>";
		};
		76A183B81D3C8E3200EC96A9 /* Products */ = {
			isa = PBXGroup;
			children = (
				76A183B71D3C8E3200EC96A9 /* D3 */,
			);
			name = Products;
			sourceTree = "<group>";
		};
		76A183B91D3C8E3200EC96A9 /* D3 */ = {
			isa = PBXGroup;
			children = (
				76A183BA1D3C8E3200EC96A9 /* main.cpp */,
			);
			path = D3;
			sourceTree = "<group>";
		};
/* End PBXGroup section */

/* Begin PBXNativeTarget section */
		76A183B61D3C8E3200EC96A9 /* D3 */ = {
			isa = PBXNativeTarget;
			buildConfigurationList = 76A183BE1D3C8E3200EC96A9 /* Build configuration list for PBXNativeTarget "D3" */;
			buildPhases = (
				76A183B31D3C8E3200EC96A9 /* Sources */,
				76A183B41D3C8E3200EC96A9 /* Frameworks */,
				76A183B51D3C8E3200EC96A9 /* CopyFiles */,
			);
			buildRules = (
			);
			dependencies = (
			);
			name = D3;
			productName = D3;
			productReference = 76A183B71D3C8E3200EC96A9 /* D3 */;
			productType = "com.apple.product-type.tool";
		};
/* End PBXNativeTarget section */

/* Begin PBXProject section */
		76A183AF1D3C8E3200EC96A9 /* Project object */ = {
			isa = PBXProject;
			attributes = {
				LastUpgradeCheck = 0730;
				ORGANIZATIONNAME = "luong anh vu";
				TargetAttributes = {
					76A183B61D3C8E3200EC96A9 = {
						CreatedOnToolsVersion = 7.3;
					};
				};
			};
			buildConfigurationList = 76A183B21D3C8E3200EC96A9 /* Build configuration list for PBXProject "D3" */;
			compatibilityVersion = "Xcode 3.2";
			developmentRegion = English;
			hasScannedForEncodings = 0;
			knownRegions = (
				en,
			);
			mainGroup = 76A183AE1D3C8E3200EC96A9;
			productRefGroup = 76A183B81D3C8E3200EC96A9 /* Products */;
			projectDirPath = "";
			projectRoot = "";
			targets = (
				76A183B61D3C8E3200EC96A9 /* D3 */,
			);
		};
/* End PBXProject section */

/* Begin PBXSourcesBuildPhase section */
		76A183B31D3C8E3200EC96A9 /* Sources */ = {
			isa = PBXSourcesBuildPhase;
			buildActionMask = 2147483647;
			files = (
				76A183BB1D3C8E3200EC96A9 /* main.cpp in Sources */,
			);
			runOnlyForDeploymentPostprocessing = 0;
		};
/* End PBXSourcesBuildPhase section */

/* Begin XCBuildConfiguration section */
		76A183BC1D3C8E3200EC96A9 /* Debug */ = {
			isa = XCBuildConfiguration;
			buildSettings = {
				ALWAYS_SEARCH_USER_PATHS = NO;
				CLANG_ANALYZER_NONNULL = YES;
				CLANG_CXX_LANGUAGE_STANDARD = "gnu++0x";
				CLANG_CXX_LIBRARY = "libc++";
				CLANG_ENABLE_MODULES = YES;
				CLANG_ENABLE_OBJC_ARC = YES;
				CLANG_WARN_BOOL_CONVERSION = YES;
				CLANG_WARN_CONSTANT_CONVERSION = YES;
				CLANG_WARN_DIRECT_OBJC_ISA_USAGE = YES_ERROR;
				CLANG_WARN_EMPTY_BODY = YES;
				CLANG_WARN_ENUM_CONVERSION = YES;
				CLANG_WARN_INT_CONVERSION = YES;
				CLANG_WARN_OBJC_ROOT_CLASS = YES_ERROR;
				CLANG_WARN_UNREACHABLE_CODE = YES;
				CLANG_WARN__DUPLICATE_METHOD_MATCH = YES;
				CODE_SIGN_IDENTITY = "-";
				COPY_PHASE_STRIP = NO;
				DEBUG_INFORMATION_FORMAT = dwarf;
				ENABLE_STRICT_OBJC_MSGSEND = YES;
				ENABLE_TESTABILITY = YES;
				GCC_C_LANGUAGE_STANDARD = gnu99;
				GCC_DYNAMIC_NO_PIC = NO;
				GCC_NO_COMMON_BLOCKS = YES;
				GCC_OPTIMIZATION_LEVEL = 0;
				GCC_PREPROCESSOR_DEFINITIONS = (
					"DEBUG=1",
					"$(inherited)",
				);
				GCC_WARN_64_TO_32_BIT_CONVERSION = YES;
				GCC_WARN_ABOUT_RETURN_TYPE = YES_ERROR;
				GCC_WARN_UNDECLARED_SELECTOR = YES;
				GCC_WARN_UNINITIALIZED_AUTOS = YES_AGGRESSIVE;
				GCC_WARN_UNUSED_FUNCTION = YES;
				GCC_WARN_UNUSED_VARIABLE = YES;
				MACOSX_DEPLOYMENT_TARGET = 10.11;
				MTL_ENABLE_DEBUG_INFO = YES;
				ONLY_ACTIVE_ARCH = YES;
				SDKROOT = macosx;
			};
			name = Debug;
		};
		76A183BD1D3C8E3200EC96A9 /* Release */ = {
			isa = XCBuildConfiguration;
			buildSettings = {
				ALWAYS_SEARCH_USER_PATHS = NO;
				CLANG_ANALYZER_NONNULL = YES;
				CLANG_CXX_LANGUAGE_STANDARD = "gnu++0x";
				CLANG_CXX_LIBRARY = "libc++";
				CLANG_ENABLE_MODULES = YES;
				CLANG_ENABLE_OBJC_ARC = YES;
				CLANG_WARN_BOOL_CONVERSION = YES;
				CLANG_WARN_CONSTANT_CONVERSION = YES;
				CLANG_WARN_DIRECT_OBJC_ISA_USAGE = YES_ERROR;
				CLANG_WARN_EMPTY_BODY = YES;
				CLANG_WARN_ENUM_CONVERSION = YES;
				CLANG_WARN_INT_CONVERSION = YES;
				CLANG_WARN_OBJC_ROOT_CLASS = YES_ERROR;
				CLANG_WARN_UNREACHABLE_CODE = YES;
				CLANG_WARN__DUPLICATE_METHOD_MATCH = YES;
				CODE_SIGN_IDENTITY = "-";
				COPY_PHASE_STRIP = NO;
				DEBUG_INFORMATION_FORMAT = "dwarf-with-dsym";
				ENABLE_NS_ASSERTIONS = NO;
				ENABLE_STRICT_OBJC_MSGSEND = YES;
				GCC_C_LANGUAGE_STANDARD = gnu99;
				GCC_NO_COMMON_BLOCKS = YES;
				GCC_WARN_64_TO_32_BIT_CONVERSION = YES;
				GCC_WARN_ABOUT_RETURN_TYPE = YES_ERROR;
				GCC_WARN_UNDECLARED_SELECTOR = YES;
				GCC_WARN_UNINITIALIZED_AUTOS = YES_AGGRESSIVE;
				GCC_WARN_UNUSED_FUNCTION = YES;
				GCC_WARN_UNUSED_VARIABLE = YES;
				MACOSX_DEPLOYMENT_TARGET = 10.11;
				MTL_ENABLE_DEBUG_INFO = NO;
				SDKROOT = macosx;
			};
			name = Release;
		};
		76A183BF1D3C8E3200EC96A9 /* Debug */ = {
			isa = XCBuildConfiguration;
			buildSettings = {
				PRODUCT_NAME = "$(TARGET_NAME)";
			};
			name = Debug;
		};
		76A183C01D3C8E3200EC96A9 /* Release */ = {
			isa = XCBuildConfiguration;
			buildSettings = {
				PRODUCT_NAME = "$(TARGET_NAME)";
			};
			name = Release;
		};
/* End XCBuildConfiguration section */

/* Begin XCConfigurationList section */
		76A183B21D3C8E3200EC96A9 /* Build configuration list for PBXProject "D3" */ = {
			isa = XCConfigurationList;
			buildConfigurations = (
				76A183BC1D3C8E3200EC96A9 /* Debug */,
				76A183BD1D3C8E3200EC96A9 /* Release */,
			);
			defaultConfigurationIsVisible = 0;
			defaultConfigurationName = Release;
		};
		76A183BE1D3C8E3200EC96A9 /* Build configuration list for PBXNativeTarget "D3" */ = {
			isa = XCConfigurationList;
			buildConfigurations = (
				76A183BF1D3C8E3200EC96A9 /* Debug */,
				76A183C01D3C8E3200EC96A9 /* Release */,
			);
			defaultConfigurationIsVisible = 0;
		};
/* End XCConfigurationList section */
	};
	rootObject = 76A183AF1D3C8E3200EC96A9 /* Project object */;
}
